
Microsoft Visual Studio Solution File, Format Version 12.00
# Visual Studio 15
VisualStudioVersion = 15.0.28307.271
MinimumVisualStudioVersion = 10.0.40219.1
Project("{FAE04EC0-301F-11D3-BF4B-00C04F79EFBC}") = "Notifier", "Notifier\Notifier.csproj", "{55F7B94D-168C-44B5-B46D-3BC95CC4DAAC}"
EndProject
Global
	GlobalSection(SolutionConfigurationPlatforms) = preSolution
		Debug|Any CPU = Debug|Any CPU
		Release|Any CPU = Release|Any CPU
	EndGlobalSection
	GlobalSection(ProjectConfigurationPlatforms) = postSolution
		{55F7B94D-168C-44B5-B46D-3BC95CC4DAAC}.Debug|Any CPU.ActiveCfg = Debug|Any CPU
		{55F7B94D-168C-44B5-B46D-3BC95CC4DAAC}.Debug|Any CPU.Build.0 = Debug|Any CPU
		{55F7B94D-168C-44B5-B46D-3BC95CC4DAAC}.Release|Any CPU.ActiveCfg = Release|Any CPU
		{55F7B94D-168C-44B5-B46D-3BC95CC4DAAC}.Release|Any CPU.Build.0 = Release|Any CPU
	EndGlobalSection
	GlobalSection(SolutionProperties) = preSolution
		HideSolutionNode = FALSE
	EndGlobalSection
	GlobalSection(ExtensibilityGlobals) = postSolution
		SolutionGuid = {4BCA6814-781D-4DFC-B63F-69B372D1199C}
	EndGlobalSection
EndGlobal
